
Microsoft Visual Studio Solution File, Format Version 12.00
# Visual Studio 15
VisualStudioVersion = 15.0.26430.13
MinimumVisualStudioVersion = 10.0.40219.1
Project("{A07B5EB6-E848-4116-A8D0-A826331D98C6}") = "Application", "Application\Application.sfproj", "{29083812-63FF-4402-B192-1319B36522E0}"
EndProject
Project("{FAE04EC0-301F-11D3-BF4B-00C04F79EFBC}") = "WebApiOwin", "WebApiOwin\WebApiOwin.csproj", "{C80EB9F3-805A-48A7-92CD-9096A2DC6855}"
EndProject
Global
	GlobalSection(SolutionConfigurationPlatforms) = preSolution
		Debug|x64 = Debug|x64
		Release|x64 = Release|x64
	EndGlobalSection
	GlobalSection(ProjectConfigurationPlatforms) = postSolution
		{29083812-63FF-4402-B192-1319B36522E0}.Debug|x64.ActiveCfg = Debug|x64
		{29083812-63FF-4402-B192-1319B36522E0}.Debug|x64.Build.0 = Debug|x64
		{29083812-63FF-4402-B192-1319B36522E0}.Debug|x64.Deploy.0 = Debug|x64
		{29083812-63FF-4402-B192-1319B36522E0}.Release|x64.ActiveCfg = Release|x64
		{29083812-63FF-4402-B192-1319B36522E0}.Release|x64.Build.0 = Release|x64
		{29083812-63FF-4402-B192-1319B36522E0}.Release|x64.Deploy.0 = Release|x64
		{C80EB9F3-805A-48A7-92CD-9096A2DC6855}.Debug|x64.ActiveCfg = Debug|x64
		{C80EB9F3-805A-48A7-92CD-9096A2DC6855}.Debug|x64.Build.0 = Debug|x64
		{C80EB9F3-805A-48A7-92CD-9096A2DC6855}.Release|x64.ActiveCfg = Release|x64
		{C80EB9F3-805A-48A7-92CD-9096A2DC6855}.Release|x64.Build.0 = Release|x64
	EndGlobalSection
	GlobalSection(SolutionProperties) = preSolution
		HideSolutionNode = FALSE
	EndGlobalSection
EndGlobal
